
Microsoft Visual Studio Solution File, Format Version 12.00
# Visual Studio Version 17
VisualStudioVersion = 17.9.34622.214
MinimumVisualStudioVersion = 10.0.40219.1
Project("{FAE04EC0-301F-11D3-BF4B-00C04F79EFBC}") = "Exercicio1", "Exercicio1\Exercicio1.csproj", "{2F9746BF-4143-499A-B620-6AB7988CE69D}"
EndProject
Global
	GlobalSection(SolutionConfigurationPlatforms) = preSolution
		Debug|Any CPU = Debug|Any CPU
		Release|Any CPU = Release|Any CPU
	EndGlobalSection
	GlobalSection(ProjectConfigurationPlatforms) = postSolution
		{2F9746BF-4143-499A-B620-6AB7988CE69D}.Debug|Any CPU.ActiveCfg = Debug|Any CPU
		{2F9746BF-4143-499A-B620-6AB7988CE69D}.Debug|Any CPU.Build.0 = Debug|Any CPU
		{2F9746BF-4143-499A-B620-6AB7988CE69D}.Release|Any CPU.ActiveCfg = Release|Any CPU
		{2F9746BF-4143-499A-B620-6AB7988CE69D}.Release|Any CPU.Build.0 = Release|Any CPU
	EndGlobalSection
	GlobalSection(SolutionProperties) = preSolution
		HideSolutionNode = FALSE
	EndGlobalSection
	GlobalSection(ExtensibilityGlobals) = postSolution
		SolutionGuid = {27F9408C-6068-4E0A-B71B-A187E3BFA278}
	EndGlobalSection
EndGlobal
